github.com/archnum/sdk.base v0.0.0-20250101164630-1628cfed986b h1:8yl+p0M6rdiaP1D9pnZRS2jhCNs6JZd2jfOj6qGXQZU=
github.com/archnum/sdk.base v0.0.0-20250101164630-1628cfed986b/go.mod h1:h5+FkrHpSTmuatLr4efkSIUh7hldsT+BNy7OHKo1ZNk=
github.com/coreos/go-systemd/v22 v22.5.0 h1:RrqgGjYQKalulkV8NGVIfkXQf6YYmOyiJKk8iXXhfZs=
github.com/coreos/go-systemd/v22 v22.5.0/go.mod h1:Y58oyj3AT4RCenI/lSvhwexgC+NSVTIJ3seZv2GcEnc=
github.com/godbus/dbus/v5 v5.0.4/go.mod h1:xhWf0FNVPg57R7Z0UbKHbJfkEywrmjJnf7w5xrFpKfA=
